
Microsoft Visual Studio Solution File, Format Version 12.00
# Visual Studio Version 16
VisualStudioVersion = 16.0.31624.102
MinimumVisualStudioVersion = 10.0.40219.1
Project("{FAE04EC0-301F-11D3-BF4B-00C04F79EFBC}") = "PBL", "PBL\PBL.csproj", "{2A32B8BD-8966-4CC4-B7C2-3FB35975DAB7}"
EndProject
Global
	GlobalSection(SolutionConfigurationPlatforms) = preSolution
		Debug|Any CPU = Debug|Any CPU
		Release|Any CPU = Release|Any CPU
	EndGlobalSection
	GlobalSection(ProjectConfigurationPlatforms) = postSolution
		{2A32B8BD-8966-4CC4-B7C2-3FB35975DAB7}.Debug|Any CPU.ActiveCfg = Debug|Any CPU
		{2A32B8BD-8966-4CC4-B7C2-3FB35975DAB7}.Debug|Any CPU.Build.0 = Debug|Any CPU
		{2A32B8BD-8966-4CC4-B7C2-3FB35975DAB7}.Release|Any CPU.ActiveCfg = Release|Any CPU
		{2A32B8BD-8966-4CC4-B7C2-3FB35975DAB7}.Release|Any CPU.Build.0 = Release|Any CPU
	EndGlobalSection
	GlobalSection(SolutionProperties) = preSolution
		HideSolutionNode = FALSE
	EndGlobalSection
	GlobalSection(ExtensibilityGlobals) = postSolution
		SolutionGuid = {790195BE-4FD3-45DB-9F5F-7DDEF120E308}
	EndGlobalSection
EndGlobal
